
Microsoft Visual Studio Solution File, Format Version 12.00
# Visual Studio Version 16
VisualStudioVersion = 16.0.31702.278
MinimumVisualStudioVersion = 10.0.40219.1
Project("{888888A0-9F3D-457C-B088-3A5042F75D52}") = "Задание 1  циклы", "Задание 1  циклы\Задание 1  циклы.pyproj", "{FC595CD8-86AC-4D5B-9E6C-C422116A3495}"
EndProject
Global
	GlobalSection(SolutionConfigurationPlatforms) = preSolution
		Debug|Any CPU = Debug|Any CPU
		Release|Any CPU = Release|Any CPU
	EndGlobalSection
	GlobalSection(ProjectConfigurationPlatforms) = postSolution
		{FC595CD8-86AC-4D5B-9E6C-C422116A3495}.Debug|Any CPU.ActiveCfg = Debug|Any CPU
		{FC595CD8-86AC-4D5B-9E6C-C422116A3495}.Release|Any CPU.ActiveCfg = Release|Any CPU
	EndGlobalSection
	GlobalSection(SolutionProperties) = preSolution
		HideSolutionNode = FALSE
	EndGlobalSection
	GlobalSection(ExtensibilityGlobals) = postSolution
		SolutionGuid = {8A721AD8-24E4-4A04-8357-73D059D6E981}
	EndGlobalSection
EndGlobal
