
Microsoft Visual Studio Solution File, Format Version 12.00
# Visual Studio Version 16
VisualStudioVersion = 16.0.31702.278
MinimumVisualStudioVersion = 10.0.40219.1
Project("{888888A0-9F3D-457C-B088-3A5042F75D52}") = "Задание 3  цмклы", "Задание 3  цмклы\Задание 3  цмклы.pyproj", "{22995C2D-CE49-453B-8C6B-4F674811A9A1}"
EndProject
Global
	GlobalSection(SolutionConfigurationPlatforms) = preSolution
		Debug|Any CPU = Debug|Any CPU
		Release|Any CPU = Release|Any CPU
	EndGlobalSection
	GlobalSection(ProjectConfigurationPlatforms) = postSolution
		{22995C2D-CE49-453B-8C6B-4F674811A9A1}.Debug|Any CPU.ActiveCfg = Debug|Any CPU
		{22995C2D-CE49-453B-8C6B-4F674811A9A1}.Release|Any CPU.ActiveCfg = Release|Any CPU
	EndGlobalSection
	GlobalSection(SolutionProperties) = preSolution
		HideSolutionNode = FALSE
	EndGlobalSection
	GlobalSection(ExtensibilityGlobals) = postSolution
		SolutionGuid = {5646559B-5E4C-43F9-9684-F504A34A7DA5}
	EndGlobalSection
EndGlobal
